
Microsoft Visual Studio Solution File, Format Version 12.00
# Visual Studio Version 17
VisualStudioVersion = 17.9.34310.174
MinimumVisualStudioVersion = 10.0.40219.1
Project("{9A19103F-16F7-4668-BE54-9A1E7A4F7556}") = "CapW", "CapW\CapW.csproj", "{85E65341-1D59-42D9-833B-1F4ED7A66704}"
EndProject
Global
	GlobalSection(SolutionConfigurationPlatforms) = preSolution
		Debug|ARM64 = Debug|ARM64
		Debug|x64 = Debug|x64
		Debug|x86 = Debug|x86
		Release|ARM64 = Release|ARM64
		Release|x64 = Release|x64
		Release|x86 = Release|x86
	EndGlobalSection
	GlobalSection(ProjectConfigurationPlatforms) = postSolution
		{85E65341-1D59-42D9-833B-1F4ED7A66704}.Debug|ARM64.ActiveCfg = Debug|ARM64
		{85E65341-1D59-42D9-833B-1F4ED7A66704}.Debug|ARM64.Build.0 = Debug|ARM64
		{85E65341-1D59-42D9-833B-1F4ED7A66704}.Debug|ARM64.Deploy.0 = Debug|ARM64
		{85E65341-1D59-42D9-833B-1F4ED7A66704}.Debug|x64.ActiveCfg = Debug|x64
		{85E65341-1D59-42D9-833B-1F4ED7A66704}.Debug|x64.Build.0 = Debug|x64
		{85E65341-1D59-42D9-833B-1F4ED7A66704}.Debug|x64.Deploy.0 = Debug|x64
		{85E65341-1D59-42D9-833B-1F4ED7A66704}.Debug|x86.ActiveCfg = Debug|x86
		{85E65341-1D59-42D9-833B-1F4ED7A66704}.Debug|x86.Build.0 = Debug|x86
		{85E65341-1D59-42D9-833B-1F4ED7A66704}.Debug|x86.Deploy.0 = Debug|x86
		{85E65341-1D59-42D9-833B-1F4ED7A66704}.Release|ARM64.ActiveCfg = Release|ARM64
		{85E65341-1D59-42D9-833B-1F4ED7A66704}.Release|ARM64.Build.0 = Release|ARM64
		{85E65341-1D59-42D9-833B-1F4ED7A66704}.Release|ARM64.Deploy.0 = Release|ARM64
		{85E65341-1D59-42D9-833B-1F4ED7A66704}.Release|x64.ActiveCfg = Release|x64
		{85E65341-1D59-42D9-833B-1F4ED7A66704}.Release|x64.Build.0 = Release|x64
		{85E65341-1D59-42D9-833B-1F4ED7A66704}.Release|x64.Deploy.0 = Release|x64
		{85E65341-1D59-42D9-833B-1F4ED7A66704}.Release|x86.ActiveCfg = Release|x86
		{85E65341-1D59-42D9-833B-1F4ED7A66704}.Release|x86.Build.0 = Release|x86
		{85E65341-1D59-42D9-833B-1F4ED7A66704}.Release|x86.Deploy.0 = Release|x86
	EndGlobalSection
	GlobalSection(SolutionProperties) = preSolution
		HideSolutionNode = FALSE
	EndGlobalSection
	GlobalSection(ExtensibilityGlobals) = postSolution
		SolutionGuid = {2814F5D8-3224-464F-BFF7-B694C40944C9}
	EndGlobalSection
EndGlobal
